{
    "_readme": [
        "This file locks the dependencies of your project to a known state",
        "Read more about it at https://getcomposer.org/doc/01-basic-usage.md#installing-dependencies",
        "This file is @generated automatically"
    ],
    "content-hash": "5f97bab3ff9670bab664883213ce859f",
    "packages": [
        {
            "name": "proj4php/proj4php",
            "version": "2.0.12",
            "source": {
                "type": "git",
                "url": "https://github.com/proj4php/proj4php.git",
                "reference": "d213ea7938ce4ffb062dbf2a119002beb62b5eb5"
            },
            "dist": {
                "type": "zip",
                "url": "https://api.github.com/repos/proj4php/proj4php/zipball/d213ea7938ce4ffb062dbf2a119002beb62b5eb5",
                "reference": "d213ea7938ce4ffb062dbf2a119002beb62b5eb5",
                "shasum": ""
            },
            "require": {
                "php": ">=7.2"
            },
            "require-dev": {
                "phpunit/phpunit": "4.0.*"
            },
            "type": "library",
            "autoload": {
                "psr-4": {
                    "proj4php\\": "src/"
                }
            },
            "notification-url": "https://packagist.org/downloads/",
            "license": [
                "LGPL-2.1"
            ],
            "authors": [
                {
                    "name": "julien2512",
                    "email": "moquet.julien@gmail.com",
                    "homepage": "https://github.com/julien2512",
                    "role": "Developer"
                },
                {
                    "name": "Jason Judge",
                    "email": "jason.judge@academe.co.uk",
                    "homepage": "http://academe.co.uk",
                    "role": "Developer"
                },
                {
                    "name": "Nick Blackwell",
                    "email": "nickblackwell82@gmail.com",
                    "homepage": "https://people.ok.ubc.ca/nblackwe",
                    "role": "Developer"
                }
            ],
            "description": "A PHP-Class for geographic coordinates transformation using proj4 definitions, thanks to a translation from Proj4JS",
            "homepage": "https://github.com/proj4php/proj4php",
            "keywords": [
                "coordinates",
                "geographic",
                "proj4",
                "proj4js"
            ],
            "time": "2020-04-14T20:05:29+00:00"
        }
    ],
    "packages-dev": [],
    "aliases": [],
    "minimum-stability": "stable",
    "stability-flags": [],
    "prefer-stable": false,
    "prefer-lowest": false,
    "platform": [],
    "platform-dev": [],
    "plugin-api-version": "1.1.0"
}
